
Microsoft Visual Studio Solution File, Format Version 12.00
# Visual Studio Version 17
VisualStudioVersion = 17.8.34322.80
MinimumVisualStudioVersion = 10.0.40219.1
Project("{FAE04EC0-301F-11D3-BF4B-00C04F79EFBC}") = "CAR-GO", "CAR-GO.csproj", "{BB7B320C-9889-45FF-84F4-1ACDB9134217}"
EndProject
Global
	GlobalSection(SolutionConfigurationPlatforms) = preSolution
		Debug|Any CPU = Debug|Any CPU
		Release|Any CPU = Release|Any CPU
	EndGlobalSection
	GlobalSection(ProjectConfigurationPlatforms) = postSolution
		{BB7B320C-9889-45FF-84F4-1ACDB9134217}.Debug|Any CPU.ActiveCfg = Debug|Any CPU
		{BB7B320C-9889-45FF-84F4-1ACDB9134217}.Debug|Any CPU.Build.0 = Debug|Any CPU
		{BB7B320C-9889-45FF-84F4-1ACDB9134217}.Release|Any CPU.ActiveCfg = Release|Any CPU
		{BB7B320C-9889-45FF-84F4-1ACDB9134217}.Release|Any CPU.Build.0 = Release|Any CPU
	EndGlobalSection
	GlobalSection(SolutionProperties) = preSolution
		HideSolutionNode = FALSE
	EndGlobalSection
	GlobalSection(ExtensibilityGlobals) = postSolution
		SolutionGuid = {88A387AE-4A3E-49BC-B520-5F2BDA2FEB02}
	EndGlobalSection
EndGlobal
